Microsoft Visual Studio Solution File, Format Version 12.00
# Visual Studio Version 17
VisualStudioVersion = 17.5.2.0
MinimumVisualStudioVersion = 10.0.40219.1
Project("{FAE04EC0-301F-11D3-BF4B-00C04F79EFBC}") = "MathNET", "MathNET\MathNET.csproj", "{1B3BC2D4-FB34-A644-DC64-A31EB07FC762}"
EndProject
Global
	GlobalSection(SolutionConfigurationPlatforms) = preSolution
		Debug|Any CPU = Debug|Any CPU
		Release|Any CPU = Release|Any CPU
	EndGlobalSection
	GlobalSection(ProjectConfigurationPlatforms) = postSolution
		{1B3BC2D4-FB34-A644-DC64-A31EB07FC762}.Debug|Any CPU.ActiveCfg = Debug|Any CPU
		{1B3BC2D4-FB34-A644-DC64-A31EB07FC762}.Debug|Any CPU.Build.0 = Debug|Any CPU
		{1B3BC2D4-FB34-A644-DC64-A31EB07FC762}.Release|Any CPU.ActiveCfg = Release|Any CPU
		{1B3BC2D4-FB34-A644-DC64-A31EB07FC762}.Release|Any CPU.Build.0 = Release|Any CPU
	EndGlobalSection
	GlobalSection(SolutionProperties) = preSolution
		HideSolutionNode = FALSE
	EndGlobalSection
	GlobalSection(ExtensibilityGlobals) = postSolution
		SolutionGuid = {09B19B6B-2A26-4EA0-9FF8-1F3BBE042A3A}
	EndGlobalSection
EndGlobal
